<?xml version="1.0" encoding="utf-8"?>
<Project ToolsVersion="4.0" xmlns="http://schemas.microsoft.com/developer/msbuild/2003">
  <ItemGroup>
    <Filter Include="VideoEngine">
      <UniqueIdentifier>{78020e82-f0d1-4e05-9a38-2cdee0f3ec60}</UniqueIdentifier>
    </Filter>
    <Filter Include="VideoEngine\scene">
      <UniqueIdentifier>{8e113a5d-e1e5-4e4c-92a3-b7a64e7f2186}</UniqueIdentifier>
    </Filter>
    <Filter Include="VideoEngine\scene\mainscene">
      <UniqueIdentifier>{f4f8b381-a788-40b1-94ab-72459482873c}</UniqueIdentifier>
    </Filter>
    <Filter Include="VideoEngine\scene\mainscene\terrain">
      <UniqueIdentifier>{49dc599a-d93e-4ec5-9ab8-4f40b270fc42}</UniqueIdentifier>
    </Filter>
    <Filter Include="VideoEngine\scene\mainscene\terrain\shader">
      <UniqueIdentifier>{a5b06883-cb32-4030-885f-664f9d47bae5}</UniqueIdentifier>
    </Filter>
    <Filter Include="VideoEngine\Eventer">
      <UniqueIdentifier>{81fb245c-bf5c-406e-98ec-4e2be0b81c0b}</UniqueIdentifier>
    </Filter>
    <Filter Include="VideoEngine\Configuration">
      <UniqueIdentifier>{c573111e-d5a1-49e6-9de5-b2f3c169b999}</UniqueIdentifier>
    </Filter>
    <Filter Include="VideoEngine\camera">
      <UniqueIdentifier>{a398144e-4c25-4024-ab92-af80acaa3d07}</UniqueIdentifier>
    </Filter>
    <Filter Include="VideoEngine\SceneNode">
      <UniqueIdentifier>{dd2e9a44-6dc5-4c0f-8a77-984e2a449cb6}</UniqueIdentifier>
    </Filter>
    <Filter Include="VideoEngine\SceneNode\CustomSceneNode">
      <UniqueIdentifier>{23358585-d490-408c-a301-e94df7e3d86c}</UniqueIdentifier>
    </Filter>
    <Filter Include="VideoEngine\core">
      <UniqueIdentifier>{aede2226-5f70-4301-88ed-d1326b3bfd2f}</UniqueIdentifier>
    </Filter>
    <Filter Include="Helpers">
      <UniqueIdentifier>{ce813d6e-cc26-48db-97b3-237fed3e7228}</UniqueIdentifier>
    </Filter>
    <Filter Include="Helpers\IniFile">
      <UniqueIdentifier>{beb07e67-a898-44c5-b469-7a4430911e7d}</UniqueIdentifier>
    </Filter>
    <Filter Include="Helpers\VersionInfo">
      <UniqueIdentifier>{ee7c6449-c49d-4dc1-aec0-c5c65be43dfe}</UniqueIdentifier>
    </Filter>
    <Filter Include="Resource Files">
      <UniqueIdentifier>{67DA6AB6-F800-4c08-8B7A-83BB121AAD01}</UniqueIdentifier>
      <Extensions>rc;ico;cur;bmp;dlg;rc2;rct;bin;rgs;gif;jpg;jpeg;jpe;resx;tiff;tif;png;wav</Extensions>
    </Filter>
    <Filter Include="WinBuild">
      <UniqueIdentifier>{b07862ef-7d2f-447c-a6d2-12a704308db7}</UniqueIdentifier>
    </Filter>
    <Filter Include="GUI">
      <UniqueIdentifier>{400fc2cc-c350-4ca7-b825-72b5cf8e9375}</UniqueIdentifier>
    </Filter>
    <Filter Include="GUI\ImageSkin">
      <UniqueIdentifier>{a6c07fc1-a315-43d0-a9aa-cd68b74bed8d}</UniqueIdentifier>
    </Filter>
    <Filter Include="GUI\ImageSkin\Loader">
      <UniqueIdentifier>{2a5e57c5-81c6-4d08-8e47-3d9354de7951}</UniqueIdentifier>
    </Filter>
    <Filter Include="GUI\ImageSkin\ElementsMap">
      <UniqueIdentifier>{9e9efb9a-83e7-491b-8d08-dee578a07cd2}</UniqueIdentifier>
    </Filter>
    <Filter Include="GUI\ImageSkin\Elements">
      <UniqueIdentifier>{34a23afa-9e5f-4724-8d91-333ed819e7d4}</UniqueIdentifier>
    </Filter>
    <Filter Include="GUI\ImageSkin\Animators">
      <UniqueIdentifier>{a810752d-ee76-44e0-a11e-9682c75c4138}</UniqueIdentifier>
    </Filter>
    <Filter Include="GUI\Configuration">
      <UniqueIdentifier>{3ad9e2c3-b307-41cd-819c-b4bc56d08b7c}</UniqueIdentifier>
    </Filter>
    <Filter Include="GUI\Console">
      <UniqueIdentifier>{5badbd00-4ef4-418f-b907-a5be73659ec8}</UniqueIdentifier>
    </Filter>
    <Filter Include="GUI\MiniMap">
      <UniqueIdentifier>{04dc2062-b422-4864-bf3e-08dd84685c8d}</UniqueIdentifier>
    </Filter>
    <Filter Include="GUI\GlobalMap">
      <UniqueIdentifier>{402d203a-51a4-47e5-bd8e-f3ad85bb8020}</UniqueIdentifier>
    </Filter>
    <Filter Include="GUI\Chart">
      <UniqueIdentifier>{6099dd14-2174-45db-ad8a-6b3cda91c248}</UniqueIdentifier>
    </Filter>
    <Filter Include="ScriptEngine">
      <UniqueIdentifier>{79788acd-86f5-4cb7-b931-9d101f79341c}</UniqueIdentifier>
    </Filter>
    <Filter Include="ScriptEngine\ClassWrapper">
      <UniqueIdentifier>{1df0821b-1493-46aa-acb9-a2338101a8d4}</UniqueIdentifier>
    </Filter>
    <Filter Include="ScriptEngine\ClassWrapper\GUI">
      <UniqueIdentifier>{911d0ca2-1475-480c-8390-50f15e369743}</UniqueIdentifier>
    </Filter>
    <Filter Include="ScriptEngine\ClassWrapper\scene">
      <UniqueIdentifier>{44c43df6-cdc7-47bc-95d6-27900389b771}</UniqueIdentifier>
    </Filter>
    <Filter Include="ScriptEngine\ClassWrapper\video">
      <UniqueIdentifier>{5002a6a4-2873-4a3c-bca6-22b905c8876d}</UniqueIdentifier>
    </Filter>
    <Filter Include="ScriptEngine\ClassWrapper\game">
      <UniqueIdentifier>{bc272e13-0ab8-40eb-83bf-aea2f37518bf}</UniqueIdentifier>
    </Filter>
    <Filter Include="ScriptEngine\ClassWrapper\Project">
      <UniqueIdentifier>{fdaa05fd-4574-499b-acb5-457993001614}</UniqueIdentifier>
    </Filter>
    <Filter Include="ScriptEngine\core">
      <UniqueIdentifier>{bc9ef027-730b-43b5-b731-809f6b80fdbb}</UniqueIdentifier>
    </Filter>
    <Filter Include="Scripts">
      <UniqueIdentifier>{6812dbf4-53a2-4c41-9176-13980c10c08b}</UniqueIdentifier>
    </Filter>
    <Filter Include="Logger">
      <UniqueIdentifier>{a4b10fca-8f31-43bf-b04d-4cf69cebbe81}</UniqueIdentifier>
    </Filter>
    <Filter Include="SoundEngine">
      <UniqueIdentifier>{aed19465-655a-4f96-98b2-f4c41d4d8594}</UniqueIdentifier>
    </Filter>
    <Filter Include="Application">
      <UniqueIdentifier>{dbf3638a-662d-4bbd-89f7-8beb0ff0ebf1}</UniqueIdentifier>
    </Filter>
    <Filter Include="HtmlEngine">
      <UniqueIdentifier>{26713bab-31cf-43ea-a571-e22c5c15aa70}</UniqueIdentifier>
    </Filter>
    <Filter Include="HtmlEngine\Configuration">
      <UniqueIdentifier>{8ed72e19-3892-4859-943c-e2743f72d7e6}</UniqueIdentifier>
    </Filter>
    <Filter Include="PluginEngine">
      <UniqueIdentifier>{2525f9b2-0068-430f-b1bf-394adcc9c543}</UniqueIdentifier>
    </Filter>
    <Filter Include="Actors">
      <UniqueIdentifier>{b262e31e-d1cb-4583-8b95-0aad4494a2a6}</UniqueIdentifier>
    </Filter>
    <Filter Include="Bank">
      <UniqueIdentifier>{75369e5a-62a3-4a8c-bc5c-3acd2c378a1e}</UniqueIdentifier>
    </Filter>
    <Filter Include="Company">
      <UniqueIdentifier>{10e0cd8f-fc77-44e0-b366-6e80b34bcc3f}</UniqueIdentifier>
    </Filter>
  </ItemGroup>
  <ItemGroup>
    <ClCompile Include="nrpLoadingScreen.cpp">
      <Filter>VideoEngine\scene</Filter>
    </ClCompile>
    <ClCompile Include="nrpLoginScene.cpp">
      <Filter>VideoEngine\scene</Filter>
    </ClCompile>
    <ClCompile Include="nrpMainScene.cpp">
      <Filter>VideoEngine\scene\mainscene</Filter>
    </ClCompile>
    <ClCompile Include="nrpAppEventer.cpp">
      <Filter>VideoEngine\Eventer</Filter>
    </ClCompile>
    <ClCompile Include="NrpCameraConfig.cpp">
      <Filter>VideoEngine\Configuration</Filter>
    </ClCompile>
    <ClCompile Include="NrpConsoleConfig.cpp">
      <Filter>VideoEngine\Configuration</Filter>
    </ClCompile>
    <ClCompile Include="NrpSkyConfig.cpp">
      <Filter>VideoEngine\Configuration</Filter>
    </ClCompile>
    <ClCompile Include="nrpVideoConfig.cpp">
      <Filter>VideoEngine\Configuration</Filter>
    </ClCompile>
    <ClCompile Include="NrpWorldConfig.cpp">
      <Filter>VideoEngine\Configuration</Filter>
    </ClCompile>
    <ClCompile Include="nrpCameraAnimator.cpp">
      <Filter>VideoEngine\camera</Filter>
    </ClCompile>
    <ClCompile Include="NrpCustomSceneNode.cpp">
      <Filter>VideoEngine\SceneNode\CustomSceneNode</Filter>
    </ClCompile>
    <ClCompile Include="nrpEngine.cpp">
      <Filter>VideoEngine\core</Filter>
    </ClCompile>
    <ClCompile Include="EnginePrivate.cpp">
      <Filter>Helpers</Filter>
    </ClCompile>
    <ClCompile Include="StrConversation.cpp">
      <Filter>Helpers</Filter>
    </ClCompile>
    <ClCompile Include="IniFile.cpp">
      <Filter>Helpers\IniFile</Filter>
    </ClCompile>
    <ClCompile Include="nrpVersion.cpp">
      <Filter>Helpers\VersionInfo</Filter>
    </ClCompile>
    <ClCompile Include="nerpa_sc.cpp">
      <Filter>WinBuild</Filter>
    </ClCompile>
    <ClCompile Include="stdafx.cpp">
      <Filter>WinBuild</Filter>
    </ClCompile>
    <ClCompile Include="nrpGUIEnvironment.cpp">
      <Filter>GUI</Filter>
    </ClCompile>
    <ClCompile Include="ImageGUISkin.cpp">
      <Filter>GUI\ImageSkin</Filter>
    </ClCompile>
    <ClCompile Include="ConfigReader.cpp">
      <Filter>GUI\ImageSkin\Loader</Filter>
    </ClCompile>
    <ClCompile Include="SkinLoader.cpp">
      <Filter>GUI\ImageSkin\Loader</Filter>
    </ClCompile>
    <ClCompile Include="ConfigMap.cpp">
      <Filter>GUI\ImageSkin\ElementsMap</Filter>
    </ClCompile>
    <ClCompile Include="NrpBrowserWindow.cpp">
      <Filter>GUI\ImageSkin\Elements</Filter>
    </ClCompile>
    <ClCompile Include="nrpButton.cpp">
      <Filter>GUI\ImageSkin\Elements</Filter>
    </ClCompile>
    <ClCompile Include="NrpCircleScrollBar.cpp">
      <Filter>GUI\ImageSkin\Elements</Filter>
    </ClCompile>
    <ClCompile Include="NrpComponentListbox.cpp">
      <Filter>GUI\ImageSkin\Elements</Filter>
    </ClCompile>
    <ClCompile Include="nrpGuiLinkBox.cpp">
      <Filter>GUI\ImageSkin\Elements</Filter>
    </ClCompile>
    <ClCompile Include="NrpProgressBar.cpp">
      <Filter>GUI\ImageSkin\Elements</Filter>
    </ClCompile>
    <ClCompile Include="NrpRotatableImage.cpp">
      <Filter>GUI\ImageSkin\Elements</Filter>
    </ClCompile>
    <ClCompile Include="NrpScrollBar.cpp">
      <Filter>GUI\ImageSkin\Elements</Filter>
    </ClCompile>
    <ClCompile Include="NrpUserInfoWindow.cpp">
      <Filter>GUI\ImageSkin\Elements</Filter>
    </ClCompile>
    <ClCompile Include="NrpWindow.cpp">
      <Filter>GUI\ImageSkin\Elements</Filter>
    </ClCompile>
    <ClCompile Include="NrpGuiBlendAnimator.cpp">
      <Filter>GUI\ImageSkin\Animators</Filter>
    </ClCompile>
    <ClCompile Include="NrpGuiCursorPosAnimator.cpp">
      <Filter>GUI\ImageSkin\Animators</Filter>
    </ClCompile>
    <ClCompile Include="NrpGuiHoveredAnimator.cpp">
      <Filter>GUI\ImageSkin\Animators</Filter>
    </ClCompile>
    <ClCompile Include="NrpGuiLuaAnimator.cpp">
      <Filter>GUI\ImageSkin\Animators</Filter>
    </ClCompile>
    <ClCompile Include="NrpGuiMoveAnimator.cpp">
      <Filter>GUI\ImageSkin\Animators</Filter>
    </ClCompile>
    <ClCompile Include="NrpGuiRectAnimator.cpp">
      <Filter>GUI\ImageSkin\Animators</Filter>
    </ClCompile>
    <ClCompile Include="NrpGuiTextTimeAnimator.cpp">
      <Filter>GUI\ImageSkin\Animators</Filter>
    </ClCompile>
    <ClCompile Include="nrpHUDConfig.cpp">
      <Filter>GUI\Configuration</Filter>
    </ClCompile>
    <ClCompile Include="nrpCommandDispatcher.cpp">
      <Filter>GUI\Console</Filter>
    </ClCompile>
    <ClCompile Include="nrpConsole.cpp">
      <Filter>GUI\Console</Filter>
    </ClCompile>
    <ClCompile Include="nrpConsoleCmds.cpp">
      <Filter>GUI\Console</Filter>
    </ClCompile>
    <ClCompile Include="nrpConsoleCommand.cpp">
      <Filter>GUI\Console</Filter>
    </ClCompile>
    <ClCompile Include="nrpConsoleUtils.cpp">
      <Filter>GUI\Console</Filter>
    </ClCompile>
    <ClCompile Include="nrpMessageSink.cpp">
      <Filter>GUI\Console</Filter>
    </ClCompile>
    <ClCompile Include="NrpMiniMap.cpp">
      <Filter>GUI\MiniMap</Filter>
    </ClCompile>
    <ClCompile Include="nrpGlobalMap.cpp">
      <Filter>GUI\GlobalMap</Filter>
    </ClCompile>
    <ClCompile Include="nrpChartAxis.cpp">
      <Filter>GUI\Chart</Filter>
    </ClCompile>
    <ClCompile Include="nrpChartAxisLabel.cpp">
      <Filter>GUI\Chart</Filter>
    </ClCompile>
    <ClCompile Include="nrpChartCtrl.cpp">
      <Filter>GUI\Chart</Filter>
    </ClCompile>
    <ClCompile Include="nrpChartGradient.cpp">
      <Filter>GUI\Chart</Filter>
    </ClCompile>
    <ClCompile Include="nrpChartGrid.cpp">
      <Filter>GUI\Chart</Filter>
    </ClCompile>
    <ClCompile Include="nrpChartLegend.cpp">
      <Filter>GUI\Chart</Filter>
    </ClCompile>
    <ClCompile Include="nrpChartLineSerie.cpp">
      <Filter>GUI\Chart</Filter>
    </ClCompile>
    <ClCompile Include="nrpChartObject.cpp">
      <Filter>GUI\Chart</Filter>
    </ClCompile>
    <ClCompile Include="nrpChartPointsSerie.cpp">
      <Filter>GUI\Chart</Filter>
    </ClCompile>
    <ClCompile Include="nrpChartSerie.cpp">
      <Filter>GUI\Chart</Filter>
    </ClCompile>
    <ClCompile Include="nrpChartSurfaceSerie.cpp">
      <Filter>GUI\Chart</Filter>
    </ClCompile>
    <ClCompile Include="nrpChartTitle.cpp">
      <Filter>GUI\Chart</Filter>
    </ClCompile>
    <ClCompile Include="LuaButton.cpp">
      <Filter>ScriptEngine\ClassWrapper\GUI</Filter>
    </ClCompile>
    <ClCompile Include="LuaChart.cpp">
      <Filter>ScriptEngine\ClassWrapper\GUI</Filter>
    </ClCompile>
    <ClCompile Include="LuaComboBox.cpp">
      <Filter>ScriptEngine\ClassWrapper\GUI</Filter>
    </ClCompile>
    <ClCompile Include="LuaConsole.cpp">
      <Filter>ScriptEngine\ClassWrapper\GUI</Filter>
    </ClCompile>
    <ClCompile Include="LuaEdit.cpp">
      <Filter>ScriptEngine\ClassWrapper\GUI</Filter>
    </ClCompile>
    <ClCompile Include="LuaElement.cpp">
      <Filter>ScriptEngine\ClassWrapper\GUI</Filter>
    </ClCompile>
    <ClCompile Include="LuaEvent.cpp">
      <Filter>ScriptEngine\ClassWrapper\GUI</Filter>
    </ClCompile>
    <ClCompile Include="LuaGuiEnvironment.cpp">
      <Filter>ScriptEngine\ClassWrapper\GUI</Filter>
    </ClCompile>
    <ClCompile Include="LuaImage.cpp">
      <Filter>ScriptEngine\ClassWrapper\GUI</Filter>
    </ClCompile>
    <ClCompile Include="LuaLabel.cpp">
      <Filter>ScriptEngine\ClassWrapper\GUI</Filter>
    </ClCompile>
    <ClCompile Include="LuaLinkBox.cpp">
      <Filter>ScriptEngine\ClassWrapper\GUI</Filter>
    </ClCompile>
    <ClCompile Include="LuaListBox.cpp">
      <Filter>ScriptEngine\ClassWrapper\GUI</Filter>
    </ClCompile>
    <ClCompile Include="LuaMiniMap.cpp">
      <Filter>ScriptEngine\ClassWrapper\GUI</Filter>
    </ClCompile>
    <ClCompile Include="LuaProgressbar.cpp">
      <Filter>ScriptEngine\ClassWrapper\GUI</Filter>
    </ClCompile>
    <ClCompile Include="LuaScrollBar.cpp">
      <Filter>ScriptEngine\ClassWrapper\GUI</Filter>
    </ClCompile>
    <ClCompile Include="LuaTable.cpp">
      <Filter>ScriptEngine\ClassWrapper\GUI</Filter>
    </ClCompile>
    <ClCompile Include="LuaWindow.cpp">
      <Filter>ScriptEngine\ClassWrapper\GUI</Filter>
    </ClCompile>
    <ClCompile Include="LuaCamera.cpp">
      <Filter>ScriptEngine\ClassWrapper\scene</Filter>
    </ClCompile>
    <ClCompile Include="LuaSceneManager.cpp">
      <Filter>ScriptEngine\ClassWrapper\scene</Filter>
    </ClCompile>
    <ClCompile Include="LuaSceneNode.cpp">
      <Filter>ScriptEngine\ClassWrapper\scene</Filter>
    </ClCompile>
    <ClCompile Include="LuaTerrain.cpp">
      <Filter>ScriptEngine\ClassWrapper\scene</Filter>
    </ClCompile>
    <ClCompile Include="LuaDriver.cpp">
      <Filter>ScriptEngine\ClassWrapper\video</Filter>
    </ClCompile>
    <ClCompile Include="LuaTexture.cpp">
      <Filter>ScriptEngine\ClassWrapper\video</Filter>
    </ClCompile>
    <ClCompile Include="LuaApplication.cpp">
      <Filter>ScriptEngine\ClassWrapper\game</Filter>
    </ClCompile>
    <ClCompile Include="LuaBank.cpp">
      <Filter>ScriptEngine\ClassWrapper\game</Filter>
    </ClCompile>
    <ClCompile Include="LuaCompany.cpp">
      <Filter>ScriptEngine\ClassWrapper\game</Filter>
    </ClCompile>
    <ClCompile Include="LuaGameEngine.cpp">
      <Filter>ScriptEngine\ClassWrapper\game</Filter>
    </ClCompile>
    <ClCompile Include="LuaTechnology.cpp">
      <Filter>ScriptEngine\ClassWrapper\game</Filter>
    </ClCompile>
    <ClCompile Include="LuaUser.cpp">
      <Filter>ScriptEngine\ClassWrapper\game</Filter>
    </ClCompile>
    <ClCompile Include="LuaGameProject.cpp">
      <Filter>ScriptEngine\ClassWrapper\Project</Filter>
    </ClCompile>
    <ClCompile Include="LuaProject.cpp">
      <Filter>ScriptEngine\ClassWrapper\Project</Filter>
    </ClCompile>
    <ClCompile Include="nrpScript.cpp">
      <Filter>ScriptEngine\core</Filter>
    </ClCompile>
    <ClCompile Include="nrpScriptCore.cpp">
      <Filter>ScriptEngine\core</Filter>
    </ClCompile>
    <ClCompile Include="Logger.cpp">
      <Filter>Logger</Filter>
    </ClCompile>
    <ClCompile Include="NrpApplication.cpp">
      <Filter>Application</Filter>
    </ClCompile>
    <ClCompile Include="HTMLEngine.cpp">
      <Filter>HtmlEngine</Filter>
    </ClCompile>
    <ClCompile Include="NrpHtmlEngineConfig.cpp">
      <Filter>HtmlEngine\Configuration</Filter>
    </ClCompile>
    <ClCompile Include="NrpPluginEngine.cpp">
      <Filter>PluginEngine</Filter>
    </ClCompile>
    <ClCompile Include="IUser.cpp">
      <Filter>Actors</Filter>
    </ClCompile>
    <ClCompile Include="NrpAiUser.cpp">
      <Filter>Actors</Filter>
    </ClCompile>
    <ClCompile Include="NrpPlayer.cpp">
      <Filter>Actors</Filter>
    </ClCompile>
    <ClCompile Include="NrpBank.cpp">
      <Filter>Bank</Filter>
    </ClCompile>
    <ClCompile Include="NrpLoan.cpp">
      <Filter>Bank</Filter>
    </ClCompile>
    <ClCompile Include="NrpCompany.cpp">
      <Filter>Company</Filter>
    </ClCompile>
    <ClCompile Include="INrpProject.cpp">
      <Filter>ScriptEngine\ClassWrapper\Project</Filter>
    </ClCompile>
    <ClCompile Include="NrpGame.cpp">
      <Filter>ScriptEngine\ClassWrapper\Project</Filter>
    </ClCompile>
    <ClCompile Include="NrpGameEngine.cpp">
      <Filter>ScriptEngine\ClassWrapper\Project</Filter>
    </ClCompile>
    <ClCompile Include="NrpGameProject.cpp">
      <Filter>ScriptEngine\ClassWrapper\Project</Filter>
    </ClCompile>
    <ClCompile Include="NrpLicense.cpp">
      <Filter>ScriptEngine\ClassWrapper\Project</Filter>
    </ClCompile>
    <ClCompile Include="NrpScenario.cpp">
      <Filter>ScriptEngine\ClassWrapper\Project</Filter>
    </ClCompile>
    <ClCompile Include="NrpTechnology.cpp">
      <Filter>ScriptEngine\ClassWrapper\Project</Filter>
    </ClCompile>
  </ItemGroup>
  <ItemGroup>
    <ClInclude Include="nrpLoadingScreen.h">
      <Filter>VideoEngine\scene</Filter>
    </ClInclude>
    <ClInclude Include="nrpLoginScene.h">
      <Filter>VideoEngine\scene</Filter>
    </ClInclude>
    <ClInclude Include="nrpScene.h">
      <Filter>VideoEngine\scene</Filter>
    </ClInclude>
    <ClInclude Include="nrpMainScene.h">
      <Filter>VideoEngine\scene\mainscene</Filter>
    </ClInclude>
    <ClInclude Include="nrpTerrainMaterial.h">
      <Filter>VideoEngine\scene\mainscene\terrain</Filter>
    </ClInclude>
    <ClInclude Include="nrpAppEventer.h">
      <Filter>VideoEngine\Eventer</Filter>
    </ClInclude>
    <ClInclude Include="NrpCameraConfig.h">
      <Filter>VideoEngine\Configuration</Filter>
    </ClInclude>
    <ClInclude Include="NrpConsoleConfig.h">
      <Filter>VideoEngine\Configuration</Filter>
    </ClInclude>
    <ClInclude Include="NrpSkyConfig.h">
      <Filter>VideoEngine\Configuration</Filter>
    </ClInclude>
    <ClInclude Include="nrpVideoConfig.h">
      <Filter>VideoEngine\Configuration</Filter>
    </ClInclude>
    <ClInclude Include="NrpWorldConfig.h">
      <Filter>VideoEngine\Configuration</Filter>
    </ClInclude>
    <ClInclude Include="nrpCameraAnimator.h">
      <Filter>VideoEngine\camera</Filter>
    </ClInclude>
    <ClInclude Include="NrpCustomSceneNode.h">
      <Filter>VideoEngine\SceneNode\CustomSceneNode</Filter>
    </ClInclude>
    <ClInclude Include="nrpEngine.h">
      <Filter>VideoEngine\core</Filter>
    </ClInclude>
    <ClInclude Include="EnginePrivate.h">
      <Filter>Helpers</Filter>
    </ClInclude>
    <ClInclude Include="INrpObject.h">
      <Filter>Helpers</Filter>
    </ClInclude>
    <ClInclude Include="LockFreeQueue.h">
      <Filter>Helpers</Filter>
    </ClInclude>
    <ClInclude Include="LuaFunctionality.h">
      <Filter>Helpers</Filter>
    </ClInclude>
    <ClInclude Include="nrpConfig.h">
      <Filter>Helpers</Filter>
    </ClInclude>
    <ClInclude Include="StrConversation.h">
      <Filter>Helpers</Filter>
    </ClInclude>
    <ClInclude Include="IniFile.h">
      <Filter>Helpers\IniFile</Filter>
    </ClInclude>
    <ClInclude Include="nrpVersion.h">
      <Filter>Helpers\VersionInfo</Filter>
    </ClInclude>
    <ClInclude Include="nerpa_sc.h">
      <Filter>Resource Files</Filter>
    </ClInclude>
    <ClInclude Include="Resource.h">
      <Filter>Resource Files</Filter>
    </ClInclude>
    <ClInclude Include="NrpActionType.h">
      <Filter>WinBuild</Filter>
    </ClInclude>
    <ClInclude Include="stdafx.h">
      <Filter>WinBuild</Filter>
    </ClInclude>
    <ClInclude Include="targetver.h">
      <Filter>WinBuild</Filter>
    </ClInclude>
    <ClInclude Include="nrpGUIEnvironment.h">
      <Filter>GUI</Filter>
    </ClInclude>
    <ClInclude Include="ImageGUISkin.h">
      <Filter>GUI\ImageSkin</Filter>
    </ClInclude>
    <ClInclude Include="ConfigReader.h">
      <Filter>GUI\ImageSkin\Loader</Filter>
    </ClInclude>
    <ClInclude Include="SkinLoader.h">
      <Filter>GUI\ImageSkin\Loader</Filter>
    </ClInclude>
    <ClInclude Include="clipRects.h">
      <Filter>GUI\ImageSkin\ElementsMap</Filter>
    </ClInclude>
    <ClInclude Include="ConfigMap.h">
      <Filter>GUI\ImageSkin\ElementsMap</Filter>
    </ClInclude>
    <ClInclude Include="CListItem.h">
      <Filter>GUI\ImageSkin\Elements</Filter>
    </ClInclude>
    <ClInclude Include="NrpBrowserWindow.h">
      <Filter>GUI\ImageSkin\Elements</Filter>
    </ClInclude>
    <ClInclude Include="nrpButton.h">
      <Filter>GUI\ImageSkin\Elements</Filter>
    </ClInclude>
    <ClInclude Include="NrpCircleScrollBar.h">
      <Filter>GUI\ImageSkin\Elements</Filter>
    </ClInclude>
    <ClInclude Include="NrpComponentListbox.h">
      <Filter>GUI\ImageSkin\Elements</Filter>
    </ClInclude>
    <ClInclude Include="nrpGuiLinkBox.h">
      <Filter>GUI\ImageSkin\Elements</Filter>
    </ClInclude>
    <ClInclude Include="NrpProgressBar.h">
      <Filter>GUI\ImageSkin\Elements</Filter>
    </ClInclude>
    <ClInclude Include="NrpRotatableImage.h">
      <Filter>GUI\ImageSkin\Elements</Filter>
    </ClInclude>
    <ClInclude Include="NrpScrollBar.h">
      <Filter>GUI\ImageSkin\Elements</Filter>
    </ClInclude>
    <ClInclude Include="NrpUserInfoWindow.h">
      <Filter>GUI\ImageSkin\Elements</Filter>
    </ClInclude>
    <ClInclude Include="NrpWindow.h">
      <Filter>GUI\ImageSkin\Elements</Filter>
    </ClInclude>
    <ClInclude Include="IGuiAnimator.h">
      <Filter>GUI\ImageSkin\Animators</Filter>
    </ClInclude>
    <ClInclude Include="NrpGuiBlendAnimator.h">
      <Filter>GUI\ImageSkin\Animators</Filter>
    </ClInclude>
    <ClInclude Include="NrpGuiCursorPosAnimator.h">
      <Filter>GUI\ImageSkin\Animators</Filter>
    </ClInclude>
    <ClInclude Include="NrpGuiHoveredAnimator.h">
      <Filter>GUI\ImageSkin\Animators</Filter>
    </ClInclude>
    <ClInclude Include="NrpGuiLuaAnimator.h">
      <Filter>GUI\ImageSkin\Animators</Filter>
    </ClInclude>
    <ClInclude Include="NrpGuiMoveAnimator.h">
      <Filter>GUI\ImageSkin\Animators</Filter>
    </ClInclude>
    <ClInclude Include="NrpGuiRectAnimator.h">
      <Filter>GUI\ImageSkin\Animators</Filter>
    </ClInclude>
    <ClInclude Include="NrpGuiTextTimeAnimator.h">
      <Filter>GUI\ImageSkin\Animators</Filter>
    </ClInclude>
    <ClInclude Include="nrpHUDConfig.h">
      <Filter>GUI\Configuration</Filter>
    </ClInclude>
    <ClInclude Include="nrpCommandDispatcher.h">
      <Filter>GUI\Console</Filter>
    </ClInclude>
    <ClInclude Include="nrpConsole.h">
      <Filter>GUI\Console</Filter>
    </ClInclude>
    <ClInclude Include="nrpConsoleCmds.h">
      <Filter>GUI\Console</Filter>
    </ClInclude>
    <ClInclude Include="nrpConsoleCommand.h">
      <Filter>GUI\Console</Filter>
    </ClInclude>
    <ClInclude Include="nrpConsoleUtils.h">
      <Filter>GUI\Console</Filter>
    </ClInclude>
    <ClInclude Include="nrpMessageSink.h">
      <Filter>GUI\Console</Filter>
    </ClInclude>
    <ClInclude Include="NrpMiniMap.h">
      <Filter>GUI\MiniMap</Filter>
    </ClInclude>
    <ClInclude Include="nrpGlobalMap.h">
      <Filter>GUI\GlobalMap</Filter>
    </ClInclude>
    <ClInclude Include="nrpChartAxis.h">
      <Filter>GUI\Chart</Filter>
    </ClInclude>
    <ClInclude Include="nrpChartAxisLabel.h">
      <Filter>GUI\Chart</Filter>
    </ClInclude>
    <ClInclude Include="nrpChartCtrl.h">
      <Filter>GUI\Chart</Filter>
    </ClInclude>
    <ClInclude Include="nrpChartGradient.h">
      <Filter>GUI\Chart</Filter>
    </ClInclude>
    <ClInclude Include="nrpChartGrid.h">
      <Filter>GUI\Chart</Filter>
    </ClInclude>
    <ClInclude Include="nrpChartLegend.h">
      <Filter>GUI\Chart</Filter>
    </ClInclude>
    <ClInclude Include="nrpChartLineSerie.h">
      <Filter>GUI\Chart</Filter>
    </ClInclude>
    <ClInclude Include="nrpChartObject.h">
      <Filter>GUI\Chart</Filter>
    </ClInclude>
    <ClInclude Include="nrpChartPointsSerie.h">
      <Filter>GUI\Chart</Filter>
    </ClInclude>
    <ClInclude Include="nrpChartSerie.h">
      <Filter>GUI\Chart</Filter>
    </ClInclude>
    <ClInclude Include="nrpChartSurfaceSerie.h">
      <Filter>GUI\Chart</Filter>
    </ClInclude>
    <ClInclude Include="nrpChartTitle.h">
      <Filter>GUI\Chart</Filter>
    </ClInclude>
    <ClInclude Include="ILuaGuiElement.h">
      <Filter>ScriptEngine\ClassWrapper</Filter>
    </ClInclude>
    <ClInclude Include="ILuaObject.h">
      <Filter>ScriptEngine\ClassWrapper</Filter>
    </ClInclude>
    <ClInclude Include="ILuaProject.h">
      <Filter>ScriptEngine\ClassWrapper</Filter>
    </ClInclude>
    <ClInclude Include="ILuaSceneNode.h">
      <Filter>ScriptEngine\ClassWrapper</Filter>
    </ClInclude>
    <ClInclude Include="LuaButton.h">
      <Filter>ScriptEngine\ClassWrapper\GUI</Filter>
    </ClInclude>
    <ClInclude Include="LuaChart.h">
      <Filter>ScriptEngine\ClassWrapper\GUI</Filter>
    </ClInclude>
    <ClInclude Include="LuaComboBox.h">
      <Filter>ScriptEngine\ClassWrapper\GUI</Filter>
    </ClInclude>
    <ClInclude Include="LuaConsole.h">
      <Filter>ScriptEngine\ClassWrapper\GUI</Filter>
    </ClInclude>
    <ClInclude Include="LuaEdit.h">
      <Filter>ScriptEngine\ClassWrapper\GUI</Filter>
    </ClInclude>
    <ClInclude Include="LuaElement.h">
      <Filter>ScriptEngine\ClassWrapper\GUI</Filter>
    </ClInclude>
    <ClInclude Include="LuaEvent.h">
      <Filter>ScriptEngine\ClassWrapper\GUI</Filter>
    </ClInclude>
    <ClInclude Include="LuaGuiEnvironment.h">
      <Filter>ScriptEngine\ClassWrapper\GUI</Filter>
    </ClInclude>
    <ClInclude Include="LuaImage.h">
      <Filter>ScriptEngine\ClassWrapper\GUI</Filter>
    </ClInclude>
    <ClInclude Include="LuaLabel.h">
      <Filter>ScriptEngine\ClassWrapper\GUI</Filter>
    </ClInclude>
    <ClInclude Include="LuaLinkBox.h">
      <Filter>ScriptEngine\ClassWrapper\GUI</Filter>
    </ClInclude>
    <ClInclude Include="LuaListBox.h">
      <Filter>ScriptEngine\ClassWrapper\GUI</Filter>
    </ClInclude>
    <ClInclude Include="LuaMiniMap.h">
      <Filter>ScriptEngine\ClassWrapper\GUI</Filter>
    </ClInclude>
    <ClInclude Include="LuaProgressBar.h">
      <Filter>ScriptEngine\ClassWrapper\GUI</Filter>
    </ClInclude>
    <ClInclude Include="LuaScrollBar.h">
      <Filter>ScriptEngine\ClassWrapper\GUI</Filter>
    </ClInclude>
    <ClInclude Include="LuaTable.h">
      <Filter>ScriptEngine\ClassWrapper\GUI</Filter>
    </ClInclude>
    <ClInclude Include="LuaWindow.h">
      <Filter>ScriptEngine\ClassWrapper\GUI</Filter>
    </ClInclude>
    <ClInclude Include="LuaCamera.h">
      <Filter>ScriptEngine\ClassWrapper\scene</Filter>
    </ClInclude>
    <ClInclude Include="LuaSceneManager.h">
      <Filter>ScriptEngine\ClassWrapper\scene</Filter>
    </ClInclude>
    <ClInclude Include="LuaSceneNode.h">
      <Filter>ScriptEngine\ClassWrapper\scene</Filter>
    </ClInclude>
    <ClInclude Include="LuaTerrain.h">
      <Filter>ScriptEngine\ClassWrapper\scene</Filter>
    </ClInclude>
    <ClInclude Include="LuaDriver.h">
      <Filter>ScriptEngine\ClassWrapper\video</Filter>
    </ClInclude>
    <ClInclude Include="LuaTexture.h">
      <Filter>ScriptEngine\ClassWrapper\video</Filter>
    </ClInclude>
    <ClInclude Include="LuaApplication.h">
      <Filter>ScriptEngine\ClassWrapper\game</Filter>
    </ClInclude>
    <ClInclude Include="LuaBank.h">
      <Filter>ScriptEngine\ClassWrapper\game</Filter>
    </ClInclude>
    <ClInclude Include="LuaCompany.h">
      <Filter>ScriptEngine\ClassWrapper\game</Filter>
    </ClInclude>
    <ClInclude Include="LuaGameEngine.h">
      <Filter>ScriptEngine\ClassWrapper\game</Filter>
    </ClInclude>
    <ClInclude Include="LuaTechnology.h">
      <Filter>ScriptEngine\ClassWrapper\game</Filter>
    </ClInclude>
    <ClInclude Include="LuaUser.h">
      <Filter>ScriptEngine\ClassWrapper\game</Filter>
    </ClInclude>
    <ClInclude Include="LuaGameProject.h">
      <Filter>ScriptEngine\ClassWrapper\Project</Filter>
    </ClInclude>
    <ClInclude Include="LuaProject.h">
      <Filter>ScriptEngine\ClassWrapper\Project</Filter>
    </ClInclude>
    <ClInclude Include="nrpScript.h">
      <Filter>ScriptEngine\core</Filter>
    </ClInclude>
    <ClInclude Include="nrpScriptCore.h">
      <Filter>ScriptEngine\core</Filter>
    </ClInclude>
    <ClInclude Include="Logger.h">
      <Filter>Logger</Filter>
    </ClInclude>
    <ClInclude Include="NrpApplication.h">
      <Filter>Application</Filter>
    </ClInclude>
    <ClInclude Include="HTMLEngine.h">
      <Filter>HtmlEngine</Filter>
    </ClInclude>
    <ClInclude Include="NrpHtmlEngineConfig.h">
      <Filter>HtmlEngine\Configuration</Filter>
    </ClInclude>
    <ClInclude Include="NrpPluginEngine.h">
      <Filter>PluginEngine</Filter>
    </ClInclude>
    <ClInclude Include="IUser.h">
      <Filter>Actors</Filter>
    </ClInclude>
    <ClInclude Include="NrpAiUser.h">
      <Filter>Actors</Filter>
    </ClInclude>
    <ClInclude Include="NrpPlayer.h">
      <Filter>Actors</Filter>
    </ClInclude>
    <ClInclude Include="NrpBank.h">
      <Filter>Bank</Filter>
    </ClInclude>
    <ClInclude Include="NrpLoan.h">
      <Filter>Bank</Filter>
    </ClInclude>
    <ClInclude Include="NrpCompany.h">
      <Filter>Company</Filter>
    </ClInclude>
    <ClInclude Include="INrpProject.h">
      <Filter>ScriptEngine\ClassWrapper\Project</Filter>
    </ClInclude>
    <ClInclude Include="NrpGame.h">
      <Filter>ScriptEngine\ClassWrapper\Project</Filter>
    </ClInclude>
    <ClInclude Include="NrpGameEngine.h">
      <Filter>ScriptEngine\ClassWrapper\Project</Filter>
    </ClInclude>
    <ClInclude Include="NrpGameProject.h">
      <Filter>ScriptEngine\ClassWrapper\Project</Filter>
    </ClInclude>
    <ClInclude Include="NrpLicense.h">
      <Filter>ScriptEngine\ClassWrapper\Project</Filter>
    </ClInclude>
    <ClInclude Include="NrpScenario.h">
      <Filter>ScriptEngine\ClassWrapper\Project</Filter>
    </ClInclude>
    <ClInclude Include="NrpTechnology.h">
      <Filter>ScriptEngine\ClassWrapper\Project</Filter>
    </ClInclude>
  </ItemGroup>
  <ItemGroup>
    <None Include="..\..\application\media\shaders\terrain_ps.glsl">
      <Filter>VideoEngine\scene\mainscene\terrain\shader</Filter>
    </None>
    <None Include="..\..\application\media\shaders\terrain_vs.glsl">
      <Filter>VideoEngine\scene\mainscene\terrain\shader</Filter>
    </None>
    <None Include="..\..\application\config\camera.ini">
      <Filter>Resource Files</Filter>
    </None>
    <None Include="..\..\application\config\console.ini">
      <Filter>Resource Files</Filter>
    </None>
    <None Include="..\..\application\config\db.ini">
      <Filter>Resource Files</Filter>
    </None>
    <None Include="nerpa_sc.ico">
      <Filter>Resource Files</Filter>
    </None>
    <None Include="small.ico">
      <Filter>Resource Files</Filter>
    </None>
    <None Include="..\..\application\config\system.ini">
      <Filter>Resource Files</Filter>
    </None>
    <None Include="..\..\application\config\video.ini">
      <Filter>Resource Files</Filter>
    </None>
    <None Include="..\..\application\config\world.ini">
      <Filter>Resource Files</Filter>
    </None>
    <None Include="..\..\application\scripts\elmid.lua">
      <Filter>Scripts</Filter>
    </None>
    <None Include="..\..\application\scripts\functions_sceneLogin.lua">
      <Filter>Scripts</Filter>
    </None>
    <None Include="..\..\application\scripts\Functions_sceneWork.lua">
      <Filter>Scripts</Filter>
    </None>
    <None Include="..\..\application\scripts\initApp.lua">
      <Filter>Scripts</Filter>
    </None>
    <None Include="..\..\application\scripts\logdefs.lua">
      <Filter>Scripts</Filter>
    </None>
    <None Include="..\..\application\scripts\NerpaActionType.lua">
      <Filter>Scripts</Filter>
    </None>
    <None Include="..\..\application\scripts\sceneLogin.lua">
      <Filter>Scripts</Filter>
    </None>
    <None Include="..\..\application\scripts\sceneWork.lua">
      <Filter>Scripts</Filter>
    </None>
    <None Include="..\..\application\scripts\swork_camera.lua">
      <Filter>Scripts</Filter>
    </None>
    <None Include="..\..\application\scripts\swork_formular.lua">
      <Filter>Scripts</Filter>
    </None>
    <None Include="..\..\application\scripts\swork_globalmap.lua">
      <Filter>Scripts</Filter>
    </None>
    <None Include="..\..\application\scripts\swork_MainMenu.lua">
      <Filter>Scripts</Filter>
    </None>
    <None Include="..\..\application\scripts\swork_minimap.lua">
      <Filter>Scripts</Filter>
    </None>
    <None Include="..\..\application\scripts\swork_NodeWindowProperties.lua">
      <Filter>Scripts</Filter>
    </None>
    <None Include="..\..\application\scripts\swork_sonars.lua">
      <Filter>Scripts</Filter>
    </None>
    <None Include="..\..\application\scripts\swork_terrainConfig.lua">
      <Filter>Scripts</Filter>
    </None>
    <None Include="..\..\application\scripts\swork_wndKeyMap.lua">
      <Filter>Scripts</Filter>
    </None>
  </ItemGroup>
  <ItemGroup>
    <ResourceCompile Include="nerpa_sc.rc">
      <Filter>Resource Files</Filter>
    </ResourceCompile>
  </ItemGroup>
</Project>